// !$*UTF8*$!
{
	archiveVersion = 1;
	classes = {
	};
	objectVersion = 56;
	objects = {

/* Begin PBXBuildFile section */
		ED1CEA492C5EACF50033F353 /* ualaTestApp.swift in Sources */ = {isa = PBXBuildFile; fileRef = ED1CEA482C5EACF50033F353 /* ualaTestApp.swift */; };
		ED1CEA4B2C5EACF50033F353 /* ContentView.swift in Sources */ = {isa = PBXBuildFile; fileRef = ED1CEA4A2C5EACF50033F353 /* ContentView.swift */; };
		ED1CEA4D2C5EACF60033F353 /* Assets.xcassets in Resources */ = {isa = PBXBuildFile; fileRef = ED1CEA4C2C5EACF60033F353 /* Assets.xcassets */; };
		ED1CEA502C5EACF60033F353 /* Preview Assets.xcassets in Resources */ = {isa = PBXBuildFile; fileRef = ED1CEA4F2C5EACF60033F353 /* Preview Assets.xcassets */; };
		ED1CEA5A2C5EAD430033F353 /* City.swift in Sources */ = {isa = PBXBuildFile; fileRef = ED1CEA592C5EAD430033F353 /* City.swift */; };
		ED1CEA5C2C5EAD5F0033F353 /* Coor.swift in Sources */ = {isa = PBXBuildFile; fileRef = ED1CEA5B2C5EAD5F0033F353 /* Coor.swift */; };
		ED1CEA5E2C5EAD830033F353 /* IdentifiableCoordinate.swift in Sources */ = {isa = PBXBuildFile; fileRef = ED1CEA5D2C5EAD830033F353 /* IdentifiableCoordinate.swift */; };
		ED1CEA602C5EADA40033F353 /* CityViewModel.swift in Sources */ = {isa = PBXBuildFile; fileRef = ED1CEA5F2C5EADA40033F353 /* CityViewModel.swift */; };
		ED1CEA622C5EAE160033F353 /* CityMapView.swift in Sources */ = {isa = PBXBuildFile; fileRef = ED1CEA612C5EAE160033F353 /* CityMapView.swift */; };
		ED1CEA642C5EAE330033F353 /* CityDetailView.swift in Sources */ = {isa = PBXBuildFile; fileRef = ED1CEA632C5EAE330033F353 /* CityDetailView.swift */; };
		ED1CEA662C5EAE580033F353 /* CityMapViewModel.swift in Sources */ = {isa = PBXBuildFile; fileRef = ED1CEA652C5EAE580033F353 /* CityMapViewModel.swift */; };
		ED1CEA722C5EB4B80033F353 /* CityViewModelTests.swift in Sources */ = {isa = PBXBuildFile; fileRef = ED1CEA712C5EB4B80033F353 /* CityViewModelTests.swift */; };
		ED1CEA792C5EBBFB0033F353 /* CityDetailUITests.swift in Sources */ = {isa = PBXBuildFile; fileRef = ED1CEA782C5EBBFB0033F353 /* CityDetailUITests.swift */; };
		ED1CEA7B2C5EBDF60033F353 /* README.md in Resources */ = {isa = PBXBuildFile; fileRef = ED1CEA7A2C5EBDF60033F353 /* README.md */; };
/* End PBXBuildFile section */

/* Begin PBXContainerItemProxy section */
		ED1CEA732C5EB4B80033F353 /* PBXContainerItemProxy */ = {
			isa = PBXContainerItemProxy;
			containerPortal = ED1CEA3D2C5EACF50033F353 /* Project object */;
			proxyType = 1;
			remoteGlobalIDString = ED1CEA442C5EACF50033F353;
			remoteInfo = ualaTest;
		};
/* End PBXContainerItemProxy section */

/* Begin PBXFileReference section */
		ED1CEA452C5EACF50033F353 /* ualaTest.app */ = {isa = PBXFileReference; explicitFileType = wrapper.application; includeInIndex = 0; path = ualaTest.app; sourceTree = BUILT_PRODUCTS_DIR; };
		ED1CEA482C5EACF50033F353 /* ualaTestApp.swift */ = {isa = PBXFileReference; lastKnownFileType = sourcecode.swift; path = ualaTestApp.swift; sourceTree = "<group>"; };
		ED1CEA4A2C5EACF50033F353 /* ContentView.swift */ = {isa = PBXFileReference; lastKnownFileType = sourcecode.swift; path = ContentView.swift; sourceTree = "<group>"; };
		ED1CEA4C2C5EACF60033F353 /* Assets.xcassets */ = {isa = PBXFileReference; lastKnownFileType = folder.assetcatalog; path = Assets.xcassets; sourceTree = "<group>"; };
		ED1CEA4F2C5EACF60033F353 /* Preview Assets.xcassets */ = {isa = PBXFileReference; lastKnownFileType = folder.assetcatalog; path = "Preview Assets.xcassets"; sourceTree = "<group>"; };
		ED1CEA592C5EAD430033F353 /* City.swift */ = {isa = PBXFileReference; lastKnownFileType = sourcecode.swift; path = City.swift; sourceTree = "<group>"; };
		ED1CEA5B2C5EAD5F0033F353 /* Coor.swift */ = {isa = PBXFileReference; lastKnownFileType = sourcecode.swift; path = Coor.swift; sourceTree = "<group>"; };
		ED1CEA5D2C5EAD830033F353 /* IdentifiableCoordinate.swift */ = {isa = PBXFileReference; lastKnownFileType = sourcecode.swift; path = IdentifiableCoordinate.swift; sourceTree = "<group>"; };
		ED1CEA5F2C5EADA40033F353 /* CityViewModel.swift */ = {isa = PBXFileReference; lastKnownFileType = sourcecode.swift; path = CityViewModel.swift; sourceTree = "<group>"; };
		ED1CEA612C5EAE160033F353 /* CityMapView.swift */ = {isa = PBXFileReference; lastKnownFileType = sourcecode.swift; path = CityMapView.swift; sourceTree = "<group>"; };
		ED1CEA632C5EAE330033F353 /* CityDetailView.swift */ = {isa = PBXFileReference; lastKnownFileType = sourcecode.swift; path = CityDetailView.swift; sourceTree = "<group>"; };
		ED1CEA652C5EAE580033F353 /* CityMapViewModel.swift */ = {isa = PBXFileReference; lastKnownFileType = sourcecode.swift; path = CityMapViewModel.swift; sourceTree = "<group>"; };
		ED1CEA6F2C5EB4B80033F353 /* ualaTestTests.xctest */ = {isa = PBXFileReference; explicitFileType = wrapper.cfbundle; includeInIndex = 0; path = ualaTestTests.xctest; sourceTree = BUILT_PRODUCTS_DIR; };
		ED1CEA712C5EB4B80033F353 /* CityViewModelTests.swift */ = {isa = PBXFileReference; lastKnownFileType = sourcecode.swift; path = CityViewModelTests.swift; sourceTree = "<group>"; };
		ED1CEA782C5EBBFB0033F353 /* CityDetailUITests.swift */ = {isa = PBXFileReference; lastKnownFileType = sourcecode.swift; path = CityDetailUITests.swift; sourceTree = "<group>"; };
		ED1CEA7A2C5EBDF60033F353 /* README.md */ = {isa = PBXFileReference; lastKnownFileType = net.daringfireball.markdown; path = README.md; sourceTree = "<group>"; };
/* End PBXFileReference section */

/* Begin PBXFrameworksBuildPhase section */
		ED1CEA422C5EACF50033F353 /* Frameworks */ = {
			isa = PBXFrameworksBuildPhase;
			buildActionMask = 2147483647;
			files = (
			);
			runOnlyForDeploymentPostprocessing = 0;
		};
		ED1CEA6C2C5EB4B80033F353 /* Frameworks */ = {
			isa = PBXFrameworksBuildPhase;
			buildActionMask = 2147483647;
			files = (
			);
			runOnlyForDeploymentPostprocessing = 0;
		};
/* End PBXFrameworksBuildPhase section */

/* Begin PBXGroup section */
		ED1CEA3C2C5EACF50033F353 = {
			isa = PBXGroup;
			children = (
				ED1CEA472C5EACF50033F353 /* ualaTest */,
				ED1CEA7A2C5EBDF60033F353 /* README.md */,
				ED1CEA702C5EB4B80033F353 /* ualaTestTests */,
				ED1CEA462C5EACF50033F353 /* Products */,
			);
			sourceTree = "<group>";
		};
		ED1CEA462C5EACF50033F353 /* Products */ = {
			isa = PBXGroup;
			children = (
				ED1CEA452C5EACF50033F353 /* ualaTest.app */,
				ED1CEA6F2C5EB4B80033F353 /* ualaTestTests.xctest */,
			);
			name = Products;
			sourceTree = "<group>";
		};
		ED1CEA472C5EACF50033F353 /* ualaTest */ = {
			isa = PBXGroup;
			children = (
				ED1CEA572C5EAD230033F353 /* ViewsModels */,
				ED1CEA562C5EAD160033F353 /* Views */,
				ED1CEA582C5EAD2F0033F353 /* Models */,
				ED1CEA4C2C5EACF60033F353 /* Assets.xcassets */,
				ED1CEA4E2C5EACF60033F353 /* Preview Content */,
			);
			path = ualaTest;
			sourceTree = "<group>";
		};
		ED1CEA4E2C5EACF60033F353 /* Preview Content */ = {
			isa = PBXGroup;
			children = (
				ED1CEA4F2C5EACF60033F353 /* Preview Assets.xcassets */,
			);
			path = "Preview Content";
			sourceTree = "<group>";
		};
		ED1CEA562C5EAD160033F353 /* Views */ = {
			isa = PBXGroup;
			children = (
				ED1CEA482C5EACF50033F353 /* ualaTestApp.swift */,
				ED1CEA4A2C5EACF50033F353 /* ContentView.swift */,
				ED1CEA612C5EAE160033F353 /* CityMapView.swift */,
				ED1CEA632C5EAE330033F353 /* CityDetailView.swift */,
			);
			path = Views;
			sourceTree = "<group>";
		};
		ED1CEA572C5EAD230033F353 /* ViewsModels */ = {
			isa = PBXGroup;
			children = (
				ED1CEA652C5EAE580033F353 /* CityMapViewModel.swift */,
				ED1CEA5F2C5EADA40033F353 /* CityViewModel.swift */,
			);
			path = ViewsModels;
			sourceTree = "<group>";
		};
		ED1CEA582C5EAD2F0033F353 /* Models */ = {
			isa = PBXGroup;
			children = (
				ED1CEA592C5EAD430033F353 /* City.swift */,
				ED1CEA5B2C5EAD5F0033F353 /* Coor.swift */,
				ED1CEA5D2C5EAD830033F353 /* IdentifiableCoordinate.swift */,
			);
			path = Models;
			sourceTree = "<group>";
		};
		ED1CEA702C5EB4B80033F353 /* ualaTestTests */ = {
			isa = PBXGroup;
			children = (
				ED1CEA712C5EB4B80033F353 /* CityViewModelTests.swift */,
				ED1CEA782C5EBBFB0033F353 /* CityDetailUITests.swift */,
			);
			path = ualaTestTests;
			sourceTree = "<group>";
		};
/* End PBXGroup section */

/* Begin PBXNativeTarget section */
		ED1CEA442C5EACF50033F353 /* ualaTest */ = {
			isa = PBXNativeTarget;
			buildConfigurationList = ED1CEA532C5EACF60033F353 /* Build configuration list for PBXNativeTarget "ualaTest" */;
			buildPhases = (
				ED1CEA412C5EACF50033F353 /* Sources */,
				ED1CEA422C5EACF50033F353 /* Frameworks */,
				ED1CEA432C5EACF50033F353 /* Resources */,
			);
			buildRules = (
			);
			dependencies = (
			);
			name = ualaTest;
			productName = ualaTest;
			productReference = ED1CEA452C5EACF50033F353 /* ualaTest.app */;
			productType = "com.apple.product-type.application";
		};
		ED1CEA6E2C5EB4B80033F353 /* ualaTestTests */ = {
			isa = PBXNativeTarget;
			buildConfigurationList = ED1CEA752C5EB4B80033F353 /* Build configuration list for PBXNativeTarget "ualaTestTests" */;
			buildPhases = (
				ED1CEA6B2C5EB4B80033F353 /* Sources */,
				ED1CEA6C2C5EB4B80033F353 /* Frameworks */,
				ED1CEA6D2C5EB4B80033F353 /* Resources */,
			);
			buildRules = (
			);
			dependencies = (
				ED1CEA742C5EB4B80033F353 /* PBXTargetDependency */,
			);
			name = ualaTestTests;
			productName = ualaTestTests;
			productReference = ED1CEA6F2C5EB4B80033F353 /* ualaTestTests.xctest */;
			productType = "com.apple.product-type.bundle.unit-test";
		};
/* End PBXNativeTarget section */

/* Begin PBXProject section */
		ED1CEA3D2C5EACF50033F353 /* Project object */ = {
			isa = PBXProject;
			attributes = {
				BuildIndependentTargetsInParallel = 1;
				LastSwiftUpdateCheck = 1540;
				LastUpgradeCheck = 1540;
				TargetAttributes = {
					ED1CEA442C5EACF50033F353 = {
						CreatedOnToolsVersion = 15.4;
					};
					ED1CEA6E2C5EB4B80033F353 = {
						CreatedOnToolsVersion = 15.4;
						TestTargetID = ED1CEA442C5EACF50033F353;
					};
				};
			};
			buildConfigurationList = ED1CEA402C5EACF50033F353 /* Build configuration list for PBXProject "ualaTest" */;
			compatibilityVersion = "Xcode 14.0";
			developmentRegion = en;
			hasScannedForEncodings = 0;
			knownRegions = (
				en,
				Base,
			);
			mainGroup = ED1CEA3C2C5EACF50033F353;
			productRefGroup = ED1CEA462C5EACF50033F353 /* Products */;
			projectDirPath = "";
			projectRoot = "";
			targets = (
				ED1CEA442C5EACF50033F353 /* ualaTest */,
				ED1CEA6E2C5EB4B80033F353 /* ualaTestTests */,
			);
		};
/* End PBXProject section */

/* Begin PBXResourcesBuildPhase section */
		ED1CEA432C5EACF50033F353 /* Resources */ = {
			isa = PBXResourcesBuildPhase;
			buildActionMask = 2147483647;
			files = (
				ED1CEA502C5EACF60033F353 /* Preview Assets.xcassets in Resources */,
				ED1CEA4D2C5EACF60033F353 /* Assets.xcassets in Resources */,
			);
			runOnlyForDeploymentPostprocessing = 0;
		};
		ED1CEA6D2C5EB4B80033F353 /* Resources */ = {
			isa = PBXResourcesBuildPhase;
			buildActionMask = 2147483647;
			files = (
				ED1CEA7B2C5EBDF60033F353 /* README.md in Resources */,
			);
			runOnlyForDeploymentPostprocessing = 0;
		};
/* End PBXResourcesBuildPhase section */

/* Begin PBXSourcesBuildPhase section */
		ED1CEA412C5EACF50033F353 /* Sources */ = {
			isa = PBXSourcesBuildPhase;
			buildActionMask = 2147483647;
			files = (
				ED1CEA622C5EAE160033F353 /* CityMapView.swift in Sources */,
				ED1CEA5C2C5EAD5F0033F353 /* Coor.swift in Sources */,
				ED1CEA602C5EADA40033F353 /* CityViewModel.swift in Sources */,
				ED1CEA4B2C5EACF50033F353 /* ContentView.swift in Sources */,
				ED1CEA662C5EAE580033F353 /* CityMapViewModel.swift in Sources */,
				ED1CEA5E2C5EAD830033F353 /* IdentifiableCoordinate.swift in Sources */,
				ED1CEA492C5EACF50033F353 /* ualaTestApp.swift in Sources */,
				ED1CEA642C5EAE330033F353 /* CityDetailView.swift in Sources */,
				ED1CEA5A2C5EAD430033F353 /* City.swift in Sources */,
			);
			runOnlyForDeploymentPostprocessing = 0;
		};
		ED1CEA6B2C5EB4B80033F353 /* Sources */ = {
			isa = PBXSourcesBuildPhase;
			buildActionMask = 2147483647;
			files = (
				ED1CEA722C5EB4B80033F353 /* CityViewModelTests.swift in Sources */,
				ED1CEA792C5EBBFB0033F353 /* CityDetailUITests.swift in Sources */,
			);
			runOnlyForDeploymentPostprocessing = 0;
		};
/* End PBXSourcesBuildPhase section */

/* Begin PBXTargetDependency section */
		ED1CEA742C5EB4B80033F353 /* PBXTargetDependency */ = {
			isa = PBXTargetDependency;
			target = ED1CEA442C5EACF50033F353 /* ualaTest */;
			targetProxy = ED1CEA732C5EB4B80033F353 /* PBXContainerItemProxy */;
		};
/* End PBXTargetDependency section */

/* Begin XCBuildConfiguration section */
		ED1CEA512C5EACF60033F353 /* Debug */ = {
			isa = XCBuildConfiguration;
			buildSettings = {
				ALWAYS_SEARCH_USER_PATHS = NO;
				ASSETCATALOG_COMPILER_GENERATE_SWIFT_ASSET_SYMBOL_EXTENSIONS = YES;
				CLANG_ANALYZER_NONNULL = YES;
				CLANG_ANALYZER_NUMBER_OBJECT_CONVERSION = YES_AGGRESSIVE;
				CLANG_CXX_LANGUAGE_STANDARD = "gnu++20";
				CLANG_ENABLE_MODULES = YES;
				CLANG_ENABLE_OBJC_ARC = YES;
				CLANG_ENABLE_OBJC_WEAK = YES;
				CLANG_WARN_BLOCK_CAPTURE_AUTORELEASING = YES;
				CLANG_WARN_BOOL_CONVERSION = YES;
				CLANG_WARN_COMMA = YES;
				CLANG_WARN_CONSTANT_CONVERSION = YES;
				CLANG_WARN_DEPRECATED_OBJC_IMPLEMENTATIONS = YES;
				CLANG_WARN_DIRECT_OBJC_ISA_USAGE = YES_ERROR;
				CLANG_WARN_DOCUMENTATION_COMMENTS = YES;
				CLANG_WARN_EMPTY_BODY = YES;
				CLANG_WARN_ENUM_CONVERSION = YES;
				CLANG_WARN_INFINITE_RECURSION = YES;
				CLANG_WARN_INT_CONVERSION = YES;
				CLANG_WARN_NON_LITERAL_NULL_CONVERSION = YES;
				CLANG_WARN_OBJC_IMPLICIT_RETAIN_SELF = YES;
				CLANG_WARN_OBJC_LITERAL_CONVERSION = YES;
				CLANG_WARN_OBJC_ROOT_CLASS = YES_ERROR;
				CLANG_WARN_QUOTED_INCLUDE_IN_FRAMEWORK_HEADER = YES;
				CLANG_WARN_RANGE_LOOP_ANALYSIS = YES;
				CLANG_WARN_STRICT_PROTOTYPES = YES;
				CLANG_WARN_SUSPICIOUS_MOVE = YES;
				CLANG_WARN_UNGUARDED_AVAILABILITY = YES_AGGRESSIVE;
				CLANG_WARN_UNREACHABLE_CODE = YES;
				CLANG_WARN__DUPLICATE_METHOD_MATCH = YES;
				COPY_PHASE_STRIP = NO;
				DEBUG_INFORMATION_FORMAT = dwarf;
				ENABLE_STRICT_OBJC_MSGSEND = YES;
				ENABLE_TESTABILITY = YES;
				ENABLE_USER_SCRIPT_SANDBOXING = YES;
				GCC_C_LANGUAGE_STANDARD = gnu17;
				GCC_DYNAMIC_NO_PIC = NO;
				GCC_NO_COMMON_BLOCKS = YES;
				GCC_OPTIMIZATION_LEVEL = 0;
				GCC_PREPROCESSOR_DEFINITIONS = (
					"DEBUG=1",
					"$(inherited)",
				);
				GCC_WARN_64_TO_32_BIT_CONVERSION = YES;
				GCC_WARN_ABOUT_RETURN_TYPE = YES_ERROR;
				GCC_WARN_UNDECLARED_SELECTOR = YES;
				GCC_WARN_UNINITIALIZED_AUTOS = YES_AGGRESSIVE;
				GCC_WARN_UNUSED_FUNCTION = YES;
				GCC_WARN_UNUSED_VARIABLE = YES;
				IPHONEOS_DEPLOYMENT_TARGET = 17.5;
				LOCALIZATION_PREFERS_STRING_CATALOGS = YES;
				MTL_ENABLE_DEBUG_INFO = INCLUDE_SOURCE;
				MTL_FAST_MATH = YES;
				ONLY_ACTIVE_ARCH = YES;
				SDKROOT = iphoneos;
				SWIFT_ACTIVE_COMPILATION_CONDITIONS = "DEBUG $(inherited)";
				SWIFT_OPTIMIZATION_LEVEL = "-Onone";
			};
			name = Debug;
		};
		ED1CEA522C5EACF60033F353 /* Release */ = {
			isa = XCBuildConfiguration;
			buildSettings = {
				ALWAYS_SEARCH_USER_PATHS = NO;
				ASSETCATALOG_COMPILER_GENERATE_SWIFT_ASSET_SYMBOL_EXTENSIONS = YES;
				CLANG_ANALYZER_NONNULL = YES;
				CLANG_ANALYZER_NUMBER_OBJECT_CONVERSION = YES_AGGRESSIVE;
				CLANG_CXX_LANGUAGE_STANDARD = "gnu++20";
				CLANG_ENABLE_MODULES = YES;
				CLANG_ENABLE_OBJC_ARC = YES;
				CLANG_ENABLE_OBJC_WEAK = YES;
				CLANG_WARN_BLOCK_CAPTURE_AUTORELEASING = YES;
				CLANG_WARN_BOOL_CONVERSION = YES;
				CLANG_WARN_COMMA = YES;
				CLANG_WARN_CONSTANT_CONVERSION = YES;
				CLANG_WARN_DEPRECATED_OBJC_IMPLEMENTATIONS = YES;
				CLANG_WARN_DIRECT_OBJC_ISA_USAGE = YES_ERROR;
				CLANG_WARN_DOCUMENTATION_COMMENTS = YES;
				CLANG_WARN_EMPTY_BODY = YES;
				CLANG_WARN_ENUM_CONVERSION = YES;
				CLANG_WARN_INFINITE_RECURSION = YES;
				CLANG_WARN_INT_CONVERSION = YES;
				CLANG_WARN_NON_LITERAL_NULL_CONVERSION = YES;
				CLANG_WARN_OBJC_IMPLICIT_RETAIN_SELF = YES;
				CLANG_WARN_OBJC_LITERAL_CONVERSION = YES;
				CLANG_WARN_OBJC_ROOT_CLASS = YES_ERROR;
				CLANG_WARN_QUOTED_INCLUDE_IN_FRAMEWORK_HEADER = YES;
				CLANG_WARN_RANGE_LOOP_ANALYSIS = YES;
				CLANG_WARN_STRICT_PROTOTYPES = YES;
				CLANG_WARN_SUSPICIOUS_MOVE = YES;
				CLANG_WARN_UNGUARDED_AVAILABILITY = YES_AGGRESSIVE;
				CLANG_WARN_UNREACHABLE_CODE = YES;
				CLANG_WARN__DUPLICATE_METHOD_MATCH = YES;
				COPY_PHASE_STRIP = NO;
				DEBUG_INFORMATION_FORMAT = "dwarf-with-dsym";
				ENABLE_NS_ASSERTIONS = NO;
				ENABLE_STRICT_OBJC_MSGSEND = YES;
				ENABLE_USER_SCRIPT_SANDBOXING = YES;
				GCC_C_LANGUAGE_STANDARD = gnu17;
				GCC_NO_COMMON_BLOCKS = YES;
				GCC_WARN_64_TO_32_BIT_CONVERSION = YES;
				GCC_WARN_ABOUT_RETURN_TYPE = YES_ERROR;
				GCC_WARN_UNDECLARED_SELECTOR = YES;
				GCC_WARN_UNINITIALIZED_AUTOS = YES_AGGRESSIVE;
				GCC_WARN_UNUSED_FUNCTION = YES;
				GCC_WARN_UNUSED_VARIABLE = YES;
				IPHONEOS_DEPLOYMENT_TARGET = 17.5;
				LOCALIZATION_PREFERS_STRING_CATALOGS = YES;
				MTL_ENABLE_DEBUG_INFO = NO;
				MTL_FAST_MATH = YES;
				SDKROOT = iphoneos;
				SWIFT_COMPILATION_MODE = wholemodule;
				VALIDATE_PRODUCT = YES;
			};
			name = Release;
		};
		ED1CEA542C5EACF60033F353 /* Debug */ = {
			isa = XCBuildConfiguration;
			buildSettings = {
				ASSETCATALOG_COMPILER_APPICON_NAME = AppIcon;
				ASSETCATALOG_COMPILER_GLOBAL_ACCENT_COLOR_NAME = AccentColor;
				CODE_SIGN_STYLE = Automatic;
				CURRENT_PROJECT_VERSION = 1;
				DEVELOPMENT_ASSET_PATHS = "\"ualaTest/Preview Content\"";
				DEVELOPMENT_TEAM = KKG93P95Z8;
				ENABLE_PREVIEWS = YES;
				GENERATE_INFOPLIST_FILE = YES;
				INFOPLIST_KEY_UIApplicationSceneManifest_Generation = YES;
				INFOPLIST_KEY_UIApplicationSupportsIndirectInputEvents = YES;
				INFOPLIST_KEY_UILaunchScreen_Generation = YES;
				INFOPLIST_KEY_UISupportedInterfaceOrientations_iPad = "UIInterfaceOrientationPortrait UIInterfaceOrientationPortraitUpsideDown UIInterfaceOrientationLandscapeLeft UIInterfaceOrientationLandscapeRight";
				INFOPLIST_KEY_UISupportedInterfaceOrientations_iPhone = "UIInterfaceOrientationPortrait UIInterfaceOrientationLandscapeLeft UIInterfaceOrientationLandscapeRight";
				LD_RUNPATH_SEARCH_PATHS = (
					"$(inherited)",
					"@executable_path/Frameworks",
				);
				MARKETING_VERSION = 1.0;
				PRODUCT_BUNDLE_IDENTIFIER = miguelmartinez.ualaTest;
				PRODUCT_NAME = "$(TARGET_NAME)";
				SWIFT_EMIT_LOC_STRINGS = YES;
				SWIFT_VERSION = 5.0;
				TARGETED_DEVICE_FAMILY = "1,2";
			};
			name = Debug;
		};
		ED1CEA552C5EACF60033F353 /* Release */ = {
			isa = XCBuildConfiguration;
			buildSettings = {
				ASSETCATALOG_COMPILER_APPICON_NAME = AppIcon;
				ASSETCATALOG_COMPILER_GLOBAL_ACCENT_COLOR_NAME = AccentColor;
				CODE_SIGN_STYLE = Automatic;
				CURRENT_PROJECT_VERSION = 1;
				DEVELOPMENT_ASSET_PATHS = "\"ualaTest/Preview Content\"";
				DEVELOPMENT_TEAM = KKG93P95Z8;
				ENABLE_PREVIEWS = YES;
				GENERATE_INFOPLIST_FILE = YES;
				INFOPLIST_KEY_UIApplicationSceneManifest_Generation = YES;
				INFOPLIST_KEY_UIApplicationSupportsIndirectInputEvents = YES;
				INFOPLIST_KEY_UILaunchScreen_Generation = YES;
				INFOPLIST_KEY_UISupportedInterfaceOrientations_iPad = "UIInterfaceOrientationPortrait UIInterfaceOrientationPortraitUpsideDown UIInterfaceOrientationLandscapeLeft UIInterfaceOrientationLandscapeRight";
				INFOPLIST_KEY_UISupportedInterfaceOrientations_iPhone = "UIInterfaceOrientationPortrait UIInterfaceOrientationLandscapeLeft UIInterfaceOrientationLandscapeRight";
				LD_RUNPATH_SEARCH_PATHS = (
					"$(inherited)",
					"@executable_path/Frameworks",
				);
				MARKETING_VERSION = 1.0;
				PRODUCT_BUNDLE_IDENTIFIER = miguelmartinez.ualaTest;
				PRODUCT_NAME = "$(TARGET_NAME)";
				SWIFT_EMIT_LOC_STRINGS = YES;
				SWIFT_VERSION = 5.0;
				TARGETED_DEVICE_FAMILY = "1,2";
			};
			name = Release;
		};
		ED1CEA762C5EB4B80033F353 /* Debug */ = {
			isa = XCBuildConfiguration;
			buildSettings = {
				BUNDLE_LOADER = "$(TEST_HOST)";
				CODE_SIGN_STYLE = Automatic;
				CURRENT_PROJECT_VERSION = 1;
				DEVELOPMENT_TEAM = KKG93P95Z8;
				GENERATE_INFOPLIST_FILE = YES;
				MARKETING_VERSION = 1.0;
				PRODUCT_BUNDLE_IDENTIFIER = miguelmartinez.ualaTestTests;
				PRODUCT_NAME = "$(TARGET_NAME)";
				SWIFT_EMIT_LOC_STRINGS = NO;
				SWIFT_VERSION = 5.0;
				TARGETED_DEVICE_FAMILY = "1,2";
				TEST_HOST = "$(BUILT_PRODUCTS_DIR)/ualaTest.app/$(BUNDLE_EXECUTABLE_FOLDER_PATH)/ualaTest";
			};
			name = Debug;
		};
		ED1CEA772C5EB4B80033F353 /* Release */ = {
			isa = XCBuildConfiguration;
			buildSettings = {
				BUNDLE_LOADER = "$(TEST_HOST)";
				CODE_SIGN_STYLE = Automatic;
				CURRENT_PROJECT_VERSION = 1;
				DEVELOPMENT_TEAM = KKG93P95Z8;
				GENERATE_INFOPLIST_FILE = YES;
				MARKETING_VERSION = 1.0;
				PRODUCT_BUNDLE_IDENTIFIER = miguelmartinez.ualaTestTests;
				PRODUCT_NAME = "$(TARGET_NAME)";
				SWIFT_EMIT_LOC_STRINGS = NO;
				SWIFT_VERSION = 5.0;
				TARGETED_DEVICE_FAMILY = "1,2";
				TEST_HOST = "$(BUILT_PRODUCTS_DIR)/ualaTest.app/$(BUNDLE_EXECUTABLE_FOLDER_PATH)/ualaTest";
			};
			name = Release;
		};
/* End XCBuildConfiguration section */

/* Begin XCConfigurationList section */
		ED1CEA402C5EACF50033F353 /* Build configuration list for PBXProject "ualaTest" */ = {
			isa = XCConfigurationList;
			buildConfigurations = (
				ED1CEA512C5EACF60033F353 /* Debug */,
				ED1CEA522C5EACF60033F353 /* Release */,
			);
			defaultConfigurationIsVisible = 0;
			defaultConfigurationName = Release;
		};
		ED1CEA532C5EACF60033F353 /* Build configuration list for PBXNativeTarget "ualaTest" */ = {
			isa = XCConfigurationList;
			buildConfigurations = (
				ED1CEA542C5EACF60033F353 /* Debug */,
				ED1CEA552C5EACF60033F353 /* Release */,
			);
			defaultConfigurationIsVisible = 0;
			defaultConfigurationName = Release;
		};
		ED1CEA752C5EB4B80033F353 /* Build configuration list for PBXNativeTarget "ualaTestTests" */ = {
			isa = XCConfigurationList;
			buildConfigurations = (
				ED1CEA762C5EB4B80033F353 /* Debug */,
				ED1CEA772C5EB4B80033F353 /* Release */,
			);
			defaultConfigurationIsVisible = 0;
			defaultConfigurationName = Release;
		};
/* End XCConfigurationList section */
	};
	rootObject = ED1CEA3D2C5EACF50033F353 /* Project object */;
}
